Microsoft Visual Studio Solution File, Format Version 12.00
# Visual Studio 15
Project("{2150E333-8FDC-42A3-9474-1A3956D46DE8}") = "CMakePredefinedTargets", "CMakePredefinedTargets", "{C8190A96-DA9C-3323-9196-4E3695A620B2}"
EndProject
Project("{2150E333-8FDC-42A3-9474-1A3956D46DE8}") = "GLFW3", "GLFW3", "{B4DE2E2B-3F1D-36F1-9F97-C873033F4FF0}"
EndProject
Project("{2150E333-8FDC-42A3-9474-1A3956D46DE8}") = "Examples", "GLFW3\Examples", "{96EF6032-96D5-37E4-A3B3-EA1949F04DD0}"
EndProject
Project("{2150E333-8FDC-42A3-9474-1A3956D46DE8}") = "Tests", "GLFW3\Tests", "{22171C78-A27E-31A7-8121-1309F019E7B1}"
EndProject
Project("{8BC9CEB8-8B4A-11D0-8D11-00A0C91BC942}") = "ALL_BUILD", "ALL_BUILD.vcxproj", "{6DA6DD33-228F-3087-9533-22090BFBE281}"
	ProjectSection(ProjectDependencies) = postProject
		{DCBD60A0-AA11-3C18-86FC-5EF35DD40BC4} = {DCBD60A0-AA11-3C18-86FC-5EF35DD40BC4}
		{14F8F352-A517-3D9B-8AA3-7CA3A004C566} = {14F8F352-A517-3D9B-8AA3-7CA3A004C566}
		{A61E88BB-2F9E-337F-96A9-4F4898F3A218} = {A61E88BB-2F9E-337F-96A9-4F4898F3A218}
		{14F51448-3318-3E07-9F88-4D7327FD80A8} = {14F51448-3318-3E07-9F88-4D7327FD80A8}
		{A0A7786A-8BE5-3BF1-89BB-369AB4CFD9E4} = {A0A7786A-8BE5-3BF1-89BB-369AB4CFD9E4}
		{4372CFD2-4523-3FA2-AA8F-880510D354AF} = {4372CFD2-4523-3FA2-AA8F-880510D354AF}
		{EBFAE28E-FD5F-31C0-BB5B-AE52D7E0D63A} = {EBFAE28E-FD5F-31C0-BB5B-AE52D7E0D63A}
		{28C0FCCD-57BF-31DA-8B30-46CBDF6D7BFB} = {28C0FCCD-57BF-31DA-8B30-46CBDF6D7BFB}
		{69904839-97CF-34B0-816B-2BA2AB899E8D} = {69904839-97CF-34B0-816B-2BA2AB899E8D}
		{A4FE719B-2ECA-3FAB-9F8E-8ACC0F3A094A} = {A4FE719B-2ECA-3FAB-9F8E-8ACC0F3A094A}
		{E8D4E384-5F9E-3995-87AE-36D25F9A3811} = {E8D4E384-5F9E-3995-87AE-36D25F9A3811}
		{17C68360-E11C-379A-9C5C-692B1E549BA8} = {17C68360-E11C-379A-9C5C-692B1E549BA8}
		{FCADA619-78FD-3239-9161-4E26C6B69CE4} = {FCADA619-78FD-3239-9161-4E26C6B69CE4}
		{3105E711-BE67-33D2-9F2F-35E72D4FBEDF} = {3105E711-BE67-33D2-9F2F-35E72D4FBEDF}
		{E1DCA13D-9FF2-321D-B38E-CEF3E74FB085} = {E1DCA13D-9FF2-321D-B38E-CEF3E74FB085}
		{E3DE01C7-36BB-3780-9DC2-95627C686903} = {E3DE01C7-36BB-3780-9DC2-95627C686903}
		{F65C358C-F010-31D9-AEF9-4312DD6B20C8} = {F65C358C-F010-31D9-AEF9-4312DD6B20C8}
		{CDD49B0D-55F5-310B-9C6F-87BFF5DB025E} = {CDD49B0D-55F5-310B-9C6F-87BFF5DB025E}
		{8A03E2DF-ACA9-3AFA-B126-1653E0546E91} = {8A03E2DF-ACA9-3AFA-B126-1653E0546E91}
		{C68990CD-0B21-349E-B6BD-FD47229E8D2A} = {C68990CD-0B21-349E-B6BD-FD47229E8D2A}
		{88915C4B-F539-387A-A7FB-DEF555F5534F} = {88915C4B-F539-387A-A7FB-DEF555F5534F}
		{7F9053FE-8F1B-3AED-ABA4-B5065867B889} = {7F9053FE-8F1B-3AED-ABA4-B5065867B889}
		{91837667-57B1-31A3-B0B0-56906368A0A2} = {91837667-57B1-31A3-B0B0-56906368A0A2}
		{C2F9FD6C-FCCD-3F8A-A1C3-E741047F7681} = {C2F9FD6C-FCCD-3F8A-A1C3-E741047F7681}
		{991522BC-EABB-3AE4-B7B7-59EC68426CCE} = {991522BC-EABB-3AE4-B7B7-59EC68426CCE}
		{1D9E2F6B-488A-37E3-BDB7-5E8E9C695E90} = {1D9E2F6B-488A-37E3-BDB7-5E8E9C695E90}
		{C894389B-9255-3F0F-8376-51D422ACFDC2} = {C894389B-9255-3F0F-8376-51D422ACFDC2}
	EndProjectSection
EndProject
Project("{8BC9CEB8-8B4A-11D0-8D11-00A0C91BC942}") = "INSTALL", "INSTALL.vcxproj", "{4D293747-D671-34D4-A2CA-3BA947CB0712}"
	ProjectSection(ProjectDependencies) = postProject
		{6DA6DD33-228F-3087-9533-22090BFBE281} = {6DA6DD33-228F-3087-9533-22090BFBE281}
		{DCBD60A0-AA11-3C18-86FC-5EF35DD40BC4} = {DCBD60A0-AA11-3C18-86FC-5EF35DD40BC4}
	EndProjectSection
EndProject
Project("{8BC9CEB8-8B4A-11D0-8D11-00A0C91BC942}") = "ZERO_CHECK", "ZERO_CHECK.vcxproj", "{DCBD60A0-AA11-3C18-86FC-5EF35DD40BC4}"
	ProjectSection(ProjectDependencies) = postProject
	EndProjectSection
EndProject
Project("{8BC9CEB8-8B4A-11D0-8D11-00A0C91BC942}") = "boing", "examples\boing.vcxproj", "{14F8F352-A517-3D9B-8AA3-7CA3A004C566}"
	ProjectSection(ProjectDependencies) = postProject
		{DCBD60A0-AA11-3C18-86FC-5EF35DD40BC4} = {DCBD60A0-AA11-3C18-86FC-5EF35DD40BC4}
		{69904839-97CF-34B0-816B-2BA2AB899E8D} = {69904839-97CF-34B0-816B-2BA2AB899E8D}
	EndProjectSection
EndProject
Project("{8BC9CEB8-8B4A-11D0-8D11-00A0C91BC942}") = "clipboard", "tests\clipboard.vcxproj", "{A61E88BB-2F9E-337F-96A9-4F4898F3A218}"
	ProjectSection(ProjectDependencies) = postProject
		{DCBD60A0-AA11-3C18-86FC-5EF35DD40BC4} = {DCBD60A0-AA11-3C18-86FC-5EF35DD40BC4}
		{69904839-97CF-34B0-816B-2BA2AB899E8D} = {69904839-97CF-34B0-816B-2BA2AB899E8D}
	EndProjectSection
EndProject
Project("{8BC9CEB8-8B4A-11D0-8D11-00A0C91BC942}") = "cursor", "tests\cursor.vcxproj", "{14F51448-3318-3E07-9F88-4D7327FD80A8}"
	ProjectSection(ProjectDependencies) = postProject
		{DCBD60A0-AA11-3C18-86FC-5EF35DD40BC4} = {DCBD60A0-AA11-3C18-86FC-5EF35DD40BC4}
		{69904839-97CF-34B0-816B-2BA2AB899E8D} = {69904839-97CF-34B0-816B-2BA2AB899E8D}
	EndProjectSection
EndProject
Project("{8BC9CEB8-8B4A-11D0-8D11-00A0C91BC942}") = "empty", "tests\empty.vcxproj", "{A0A7786A-8BE5-3BF1-89BB-369AB4CFD9E4}"
	ProjectSection(ProjectDependencies) = postProject
		{DCBD60A0-AA11-3C18-86FC-5EF35DD40BC4} = {DCBD60A0-AA11-3C18-86FC-5EF35DD40BC4}
		{69904839-97CF-34B0-816B-2BA2AB899E8D} = {69904839-97CF-34B0-816B-2BA2AB899E8D}
	EndProjectSection
EndProject
Project("{8BC9CEB8-8B4A-11D0-8D11-00A0C91BC942}") = "events", "tests\events.vcxproj", "{4372CFD2-4523-3FA2-AA8F-880510D354AF}"
	ProjectSection(ProjectDependencies) = postProject
		{DCBD60A0-AA11-3C18-86FC-5EF35DD40BC4} = {DCBD60A0-AA11-3C18-86FC-5EF35DD40BC4}
		{69904839-97CF-34B0-816B-2BA2AB899E8D} = {69904839-97CF-34B0-816B-2BA2AB899E8D}
	EndProjectSection
EndProject
Project("{8BC9CEB8-8B4A-11D0-8D11-00A0C91BC942}") = "gamma", "tests\gamma.vcxproj", "{EBFAE28E-FD5F-31C0-BB5B-AE52D7E0D63A}"
	ProjectSection(ProjectDependencies) = postProject
		{DCBD60A0-AA11-3C18-86FC-5EF35DD40BC4} = {DCBD60A0-AA11-3C18-86FC-5EF35DD40BC4}
		{69904839-97CF-34B0-816B-2BA2AB899E8D} = {69904839-97CF-34B0-816B-2BA2AB899E8D}
	EndProjectSection
EndProject
Project("{8BC9CEB8-8B4A-11D0-8D11-00A0C91BC942}") = "gears", "examples\gears.vcxproj", "{28C0FCCD-57BF-31DA-8B30-46CBDF6D7BFB}"
	ProjectSection(ProjectDependencies) = postProject
		{DCBD60A0-AA11-3C18-86FC-5EF35DD40BC4} = {DCBD60A0-AA11-3C18-86FC-5EF35DD40BC4}
		{69904839-97CF-34B0-816B-2BA2AB899E8D} = {69904839-97CF-34B0-816B-2BA2AB899E8D}
	EndProjectSection
EndProject
Project("{8BC9CEB8-8B4A-11D0-8D11-00A0C91BC942}") = "glfw", "src\glfw.vcxproj", "{69904839-97CF-34B0-816B-2BA2AB899E8D}"
	ProjectSection(ProjectDependencies) = postProject
		{DCBD60A0-AA11-3C18-86FC-5EF35DD40BC4} = {DCBD60A0-AA11-3C18-86FC-5EF35DD40BC4}
	EndProjectSection
EndProject
Project("{8BC9CEB8-8B4A-11D0-8D11-00A0C91BC942}") = "glfwinfo", "tests\glfwinfo.vcxproj", "{A4FE719B-2ECA-3FAB-9F8E-8ACC0F3A094A}"
	ProjectSection(ProjectDependencies) = postProject
		{DCBD60A0-AA11-3C18-86FC-5EF35DD40BC4} = {DCBD60A0-AA11-3C18-86FC-5EF35DD40BC4}
		{69904839-97CF-34B0-816B-2BA2AB899E8D} = {69904839-97CF-34B0-816B-2BA2AB899E8D}
	EndProjectSection
EndProject
Project("{8BC9CEB8-8B4A-11D0-8D11-00A0C91BC942}") = "heightmap", "examples\heightmap.vcxproj", "{E8D4E384-5F9E-3995-87AE-36D25F9A3811}"
	ProjectSection(ProjectDependencies) = postProject
		{DCBD60A0-AA11-3C18-86FC-5EF35DD40BC4} = {DCBD60A0-AA11-3C18-86FC-5EF35DD40BC4}
		{69904839-97CF-34B0-816B-2BA2AB899E8D} = {69904839-97CF-34B0-816B-2BA2AB899E8D}
	EndProjectSection
EndProject
Project("{8BC9CEB8-8B4A-11D0-8D11-00A0C91BC942}") = "icon", "tests\icon.vcxproj", "{17C68360-E11C-379A-9C5C-692B1E549BA8}"
	ProjectSection(ProjectDependencies) = postProject
		{DCBD60A0-AA11-3C18-86FC-5EF35DD40BC4} = {DCBD60A0-AA11-3C18-86FC-5EF35DD40BC4}
		{69904839-97CF-34B0-816B-2BA2AB899E8D} = {69904839-97CF-34B0-816B-2BA2AB899E8D}
	EndProjectSection
EndProject
Project("{8BC9CEB8-8B4A-11D0-8D11-00A0C91BC942}") = "iconify", "tests\iconify.vcxproj", "{FCADA619-78FD-3239-9161-4E26C6B69CE4}"
	ProjectSection(ProjectDependencies) = postProject
		{DCBD60A0-AA11-3C18-86FC-5EF35DD40BC4} = {DCBD60A0-AA11-3C18-86FC-5EF35DD40BC4}
		{69904839-97CF-34B0-816B-2BA2AB899E8D} = {69904839-97CF-34B0-816B-2BA2AB899E8D}
	EndProjectSection
EndProject
Project("{8BC9CEB8-8B4A-11D0-8D11-00A0C91BC942}") = "joysticks", "tests\joysticks.vcxproj", "{3105E711-BE67-33D2-9F2F-35E72D4FBEDF}"
	ProjectSection(ProjectDependencies) = postProject
		{DCBD60A0-AA11-3C18-86FC-5EF35DD40BC4} = {DCBD60A0-AA11-3C18-86FC-5EF35DD40BC4}
		{69904839-97CF-34B0-816B-2BA2AB899E8D} = {69904839-97CF-34B0-816B-2BA2AB899E8D}
	EndProjectSection
EndProject
Project("{8BC9CEB8-8B4A-11D0-8D11-00A0C91BC942}") = "monitors", "tests\monitors.vcxproj", "{E1DCA13D-9FF2-321D-B38E-CEF3E74FB085}"
	ProjectSection(ProjectDependencies) = postProject
		{DCBD60A0-AA11-3C18-86FC-5EF35DD40BC4} = {DCBD60A0-AA11-3C18-86FC-5EF35DD40BC4}
		{69904839-97CF-34B0-816B-2BA2AB899E8D} = {69904839-97CF-34B0-816B-2BA2AB899E8D}
	EndProjectSection
EndProject
Project("{8BC9CEB8-8B4A-11D0-8D11-00A0C91BC942}") = "msaa", "tests\msaa.vcxproj", "{E3DE01C7-36BB-3780-9DC2-95627C686903}"
	ProjectSection(ProjectDependencies) = postProject
		{DCBD60A0-AA11-3C18-86FC-5EF35DD40BC4} = {DCBD60A0-AA11-3C18-86FC-5EF35DD40BC4}
		{69904839-97CF-34B0-816B-2BA2AB899E8D} = {69904839-97CF-34B0-816B-2BA2AB899E8D}
	EndProjectSection
EndProject
Project("{8BC9CEB8-8B4A-11D0-8D11-00A0C91BC942}") = "particles", "examples\particles.vcxproj", "{F65C358C-F010-31D9-AEF9-4312DD6B20C8}"
	ProjectSection(ProjectDependencies) = postProject
		{DCBD60A0-AA11-3C18-86FC-5EF35DD40BC4} = {DCBD60A0-AA11-3C18-86FC-5EF35DD40BC4}
		{69904839-97CF-34B0-816B-2BA2AB899E8D} = {69904839-97CF-34B0-816B-2BA2AB899E8D}
	EndProjectSection
EndProject
Project("{8BC9CEB8-8B4A-11D0-8D11-00A0C91BC942}") = "reopen", "tests\reopen.vcxproj", "{CDD49B0D-55F5-310B-9C6F-87BFF5DB025E}"
	ProjectSection(ProjectDependencies) = postProject
		{DCBD60A0-AA11-3C18-86FC-5EF35DD40BC4} = {DCBD60A0-AA11-3C18-86FC-5EF35DD40BC4}
		{69904839-97CF-34B0-816B-2BA2AB899E8D} = {69904839-97CF-34B0-816B-2BA2AB899E8D}
	EndProjectSection
EndProject
Project("{8BC9CEB8-8B4A-11D0-8D11-00A0C91BC942}") = "sharing", "tests\sharing.vcxproj", "{8A03E2DF-ACA9-3AFA-B126-1653E0546E91}"
	ProjectSection(ProjectDependencies) = postProject
		{DCBD60A0-AA11-3C18-86FC-5EF35DD40BC4} = {DCBD60A0-AA11-3C18-86FC-5EF35DD40BC4}
		{69904839-97CF-34B0-816B-2BA2AB899E8D} = {69904839-97CF-34B0-816B-2BA2AB899E8D}
	EndProjectSection
EndProject
Project("{8BC9CEB8-8B4A-11D0-8D11-00A0C91BC942}") = "simple", "examples\simple.vcxproj", "{C68990CD-0B21-349E-B6BD-FD47229E8D2A}"
	ProjectSection(ProjectDependencies) = postProject
		{DCBD60A0-AA11-3C18-86FC-5EF35DD40BC4} = {DCBD60A0-AA11-3C18-86FC-5EF35DD40BC4}
		{69904839-97CF-34B0-816B-2BA2AB899E8D} = {69904839-97CF-34B0-816B-2BA2AB899E8D}
	EndProjectSection
EndProject
Project("{8BC9CEB8-8B4A-11D0-8D11-00A0C91BC942}") = "splitview", "examples\splitview.vcxproj", "{88915C4B-F539-387A-A7FB-DEF555F5534F}"
	ProjectSection(ProjectDependencies) = postProject
		{DCBD60A0-AA11-3C18-86FC-5EF35DD40BC4} = {DCBD60A0-AA11-3C18-86FC-5EF35DD40BC4}
		{69904839-97CF-34B0-816B-2BA2AB899E8D} = {69904839-97CF-34B0-816B-2BA2AB899E8D}
	EndProjectSection
EndProject
Project("{8BC9CEB8-8B4A-11D0-8D11-00A0C91BC942}") = "tearing", "tests\tearing.vcxproj", "{7F9053FE-8F1B-3AED-ABA4-B5065867B889}"
	ProjectSection(ProjectDependencies) = postProject
		{DCBD60A0-AA11-3C18-86FC-5EF35DD40BC4} = {DCBD60A0-AA11-3C18-86FC-5EF35DD40BC4}
		{69904839-97CF-34B0-816B-2BA2AB899E8D} = {69904839-97CF-34B0-816B-2BA2AB899E8D}
	EndProjectSection
EndProject
Project("{8BC9CEB8-8B4A-11D0-8D11-00A0C91BC942}") = "threads", "tests\threads.vcxproj", "{91837667-57B1-31A3-B0B0-56906368A0A2}"
	ProjectSection(ProjectDependencies) = postProject
		{DCBD60A0-AA11-3C18-86FC-5EF35DD40BC4} = {DCBD60A0-AA11-3C18-86FC-5EF35DD40BC4}
		{69904839-97CF-34B0-816B-2BA2AB899E8D} = {69904839-97CF-34B0-816B-2BA2AB899E8D}
	EndProjectSection
EndProject
Project("{8BC9CEB8-8B4A-11D0-8D11-00A0C91BC942}") = "timeout", "tests\timeout.vcxproj", "{C2F9FD6C-FCCD-3F8A-A1C3-E741047F7681}"
	ProjectSection(ProjectDependencies) = postProject
		{DCBD60A0-AA11-3C18-86FC-5EF35DD40BC4} = {DCBD60A0-AA11-3C18-86FC-5EF35DD40BC4}
		{69904839-97CF-34B0-816B-2BA2AB899E8D} = {69904839-97CF-34B0-816B-2BA2AB899E8D}
	EndProjectSection
EndProject
Project("{8BC9CEB8-8B4A-11D0-8D11-00A0C91BC942}") = "title", "tests\title.vcxproj", "{991522BC-EABB-3AE4-B7B7-59EC68426CCE}"
	ProjectSection(ProjectDependencies) = postProject
		{DCBD60A0-AA11-3C18-86FC-5EF35DD40BC4} = {DCBD60A0-AA11-3C18-86FC-5EF35DD40BC4}
		{69904839-97CF-34B0-816B-2BA2AB899E8D} = {69904839-97CF-34B0-816B-2BA2AB899E8D}
	EndProjectSection
EndProject
Project("{8BC9CEB8-8B4A-11D0-8D11-00A0C91BC942}") = "uninstall", "uninstall.vcxproj", "{95AFB3E9-9506-3DB7-AB44-9E3B28C955E3}"
	ProjectSection(ProjectDependencies) = postProject
		{DCBD60A0-AA11-3C18-86FC-5EF35DD40BC4} = {DCBD60A0-AA11-3C18-86FC-5EF35DD40BC4}
	EndProjectSection
EndProject
Project("{8BC9CEB8-8B4A-11D0-8D11-00A0C91BC942}") = "wave", "examples\wave.vcxproj", "{1D9E2F6B-488A-37E3-BDB7-5E8E9C695E90}"
	ProjectSection(ProjectDependencies) = postProject
		{DCBD60A0-AA11-3C18-86FC-5EF35DD40BC4} = {DCBD60A0-AA11-3C18-86FC-5EF35DD40BC4}
		{69904839-97CF-34B0-816B-2BA2AB899E8D} = {69904839-97CF-34B0-816B-2BA2AB899E8D}
	EndProjectSection
EndProject
Project("{8BC9CEB8-8B4A-11D0-8D11-00A0C91BC942}") = "windows", "tests\windows.vcxproj", "{C894389B-9255-3F0F-8376-51D422ACFDC2}"
	ProjectSection(ProjectDependencies) = postProject
		{DCBD60A0-AA11-3C18-86FC-5EF35DD40BC4} = {DCBD60A0-AA11-3C18-86FC-5EF35DD40BC4}
		{69904839-97CF-34B0-816B-2BA2AB899E8D} = {69904839-97CF-34B0-816B-2BA2AB899E8D}
	EndProjectSection
EndProject
Global
	GlobalSection(SolutionConfigurationPlatforms) = preSolution
		Debug|x64 = Debug|x64
		Release|x64 = Release|x64
		MinSizeRel|x64 = MinSizeRel|x64
		RelWithDebInfo|x64 = RelWithDebInfo|x64
	EndGlobalSection
	GlobalSection(ProjectConfigurationPlatforms) = postSolution
		{6DA6DD33-228F-3087-9533-22090BFBE281}.Debug|x64.ActiveCfg = Debug|x64
		{6DA6DD33-228F-3087-9533-22090BFBE281}.Debug|x64.Build.0 = Debug|x64
		{6DA6DD33-228F-3087-9533-22090BFBE281}.Release|x64.ActiveCfg = Release|x64
		{6DA6DD33-228F-3087-9533-22090BFBE281}.Release|x64.Build.0 = Release|x64
		{6DA6DD33-228F-3087-9533-22090BFBE281}.MinSizeRel|x64.ActiveCfg = MinSizeRel|x64
		{6DA6DD33-228F-3087-9533-22090BFBE281}.MinSizeRel|x64.Build.0 = MinSizeRel|x64
		{6DA6DD33-228F-3087-9533-22090BFBE281}.RelWithDebInfo|x64.ActiveCfg = RelWithDebInfo|x64
		{6DA6DD33-228F-3087-9533-22090BFBE281}.RelWithDebInfo|x64.Build.0 = RelWithDebInfo|x64
		{4D293747-D671-34D4-A2CA-3BA947CB0712}.Debug|x64.ActiveCfg = Debug|x64
		{4D293747-D671-34D4-A2CA-3BA947CB0712}.Release|x64.ActiveCfg = Release|x64
		{4D293747-D671-34D4-A2CA-3BA947CB0712}.MinSizeRel|x64.ActiveCfg = MinSizeRel|x64
		{4D293747-D671-34D4-A2CA-3BA947CB0712}.RelWithDebInfo|x64.ActiveCfg = RelWithDebInfo|x64
		{DCBD60A0-AA11-3C18-86FC-5EF35DD40BC4}.Debug|x64.ActiveCfg = Debug|x64
		{DCBD60A0-AA11-3C18-86FC-5EF35DD40BC4}.Debug|x64.Build.0 = Debug|x64
		{DCBD60A0-AA11-3C18-86FC-5EF35DD40BC4}.Release|x64.ActiveCfg = Release|x64
		{DCBD60A0-AA11-3C18-86FC-5EF35DD40BC4}.Release|x64.Build.0 = Release|x64
		{DCBD60A0-AA11-3C18-86FC-5EF35DD40BC4}.MinSizeRel|x64.ActiveCfg = MinSizeRel|x64
		{DCBD60A0-AA11-3C18-86FC-5EF35DD40BC4}.MinSizeRel|x64.Build.0 = MinSizeRel|x64
		{DCBD60A0-AA11-3C18-86FC-5EF35DD40BC4}.RelWithDebInfo|x64.ActiveCfg = RelWithDebInfo|x64
		{DCBD60A0-AA11-3C18-86FC-5EF35DD40BC4}.RelWithDebInfo|x64.Build.0 = RelWithDebInfo|x64
		{14F8F352-A517-3D9B-8AA3-7CA3A004C566}.Debug|x64.ActiveCfg = Debug|x64
		{14F8F352-A517-3D9B-8AA3-7CA3A004C566}.Debug|x64.Build.0 = Debug|x64
		{14F8F352-A517-3D9B-8AA3-7CA3A004C566}.Release|x64.ActiveCfg = Release|x64
		{14F8F352-A517-3D9B-8AA3-7CA3A004C566}.Release|x64.Build.0 = Release|x64
		{14F8F352-A517-3D9B-8AA3-7CA3A004C566}.MinSizeRel|x64.ActiveCfg = MinSizeRel|x64
		{14F8F352-A517-3D9B-8AA3-7CA3A004C566}.MinSizeRel|x64.Build.0 = MinSizeRel|x64
		{14F8F352-A517-3D9B-8AA3-7CA3A004C566}.RelWithDebInfo|x64.ActiveCfg = RelWithDebInfo|x64
		{14F8F352-A517-3D9B-8AA3-7CA3A004C566}.RelWithDebInfo|x64.Build.0 = RelWithDebInfo|x64
		{A61E88BB-2F9E-337F-96A9-4F4898F3A218}.Debug|x64.ActiveCfg = Debug|x64
		{A61E88BB-2F9E-337F-96A9-4F4898F3A218}.Debug|x64.Build.0 = Debug|x64
		{A61E88BB-2F9E-337F-96A9-4F4898F3A218}.Release|x64.ActiveCfg = Release|x64
		{A61E88BB-2F9E-337F-96A9-4F4898F3A218}.Release|x64.Build.0 = Release|x64
		{A61E88BB-2F9E-337F-96A9-4F4898F3A218}.MinSizeRel|x64.ActiveCfg = MinSizeRel|x64
		{A61E88BB-2F9E-337F-96A9-4F4898F3A218}.MinSizeRel|x64.Build.0 = MinSizeRel|x64
		{A61E88BB-2F9E-337F-96A9-4F4898F3A218}.RelWithDebInfo|x64.ActiveCfg = RelWithDebInfo|x64
		{A61E88BB-2F9E-337F-96A9-4F4898F3A218}.RelWithDebInfo|x64.Build.0 = RelWithDebInfo|x64
		{14F51448-3318-3E07-9F88-4D7327FD80A8}.Debug|x64.ActiveCfg = Debug|x64
		{14F51448-3318-3E07-9F88-4D7327FD80A8}.Debug|x64.Build.0 = Debug|x64
		{14F51448-3318-3E07-9F88-4D7327FD80A8}.Release|x64.ActiveCfg = Release|x64
		{14F51448-3318-3E07-9F88-4D7327FD80A8}.Release|x64.Build.0 = Release|x64
		{14F51448-3318-3E07-9F88-4D7327FD80A8}.MinSizeRel|x64.ActiveCfg = MinSizeRel|x64
		{14F51448-3318-3E07-9F88-4D7327FD80A8}.MinSizeRel|x64.Build.0 = MinSizeRel|x64
		{14F51448-3318-3E07-9F88-4D7327FD80A8}.RelWithDebInfo|x64.ActiveCfg = RelWithDebInfo|x64
		{14F51448-3318-3E07-9F88-4D7327FD80A8}.RelWithDebInfo|x64.Build.0 = RelWithDebInfo|x64
		{A0A7786A-8BE5-3BF1-89BB-369AB4CFD9E4}.Debug|x64.ActiveCfg = Debug|x64
		{A0A7786A-8BE5-3BF1-89BB-369AB4CFD9E4}.Debug|x64.Build.0 = Debug|x64
		{A0A7786A-8BE5-3BF1-89BB-369AB4CFD9E4}.Release|x64.ActiveCfg = Release|x64
		{A0A7786A-8BE5-3BF1-89BB-369AB4CFD9E4}.Release|x64.Build.0 = Release|x64
		{A0A7786A-8BE5-3BF1-89BB-369AB4CFD9E4}.MinSizeRel|x64.ActiveCfg = MinSizeRel|x64
		{A0A7786A-8BE5-3BF1-89BB-369AB4CFD9E4}.MinSizeRel|x64.Build.0 = MinSizeRel|x64
		{A0A7786A-8BE5-3BF1-89BB-369AB4CFD9E4}.RelWithDebInfo|x64.ActiveCfg = RelWithDebInfo|x64
		{A0A7786A-8BE5-3BF1-89BB-369AB4CFD9E4}.RelWithDebInfo|x64.Build.0 = RelWithDebInfo|x64
		{4372CFD2-4523-3FA2-AA8F-880510D354AF}.Debug|x64.ActiveCfg = Debug|x64
		{4372CFD2-4523-3FA2-AA8F-880510D354AF}.Debug|x64.Build.0 = Debug|x64
		{4372CFD2-4523-3FA2-AA8F-880510D354AF}.Release|x64.ActiveCfg = Release|x64
		{4372CFD2-4523-3FA2-AA8F-880510D354AF}.Release|x64.Build.0 = Release|x64
		{4372CFD2-4523-3FA2-AA8F-880510D354AF}.MinSizeRel|x64.ActiveCfg = MinSizeRel|x64
		{4372CFD2-4523-3FA2-AA8F-880510D354AF}.MinSizeRel|x64.Build.0 = MinSizeRel|x64
		{4372CFD2-4523-3FA2-AA8F-880510D354AF}.RelWithDebInfo|x64.ActiveCfg = RelWithDebInfo|x64
		{4372CFD2-4523-3FA2-AA8F-880510D354AF}.RelWithDebInfo|x64.Build.0 = RelWithDebInfo|x64
		{EBFAE28E-FD5F-31C0-BB5B-AE52D7E0D63A}.Debug|x64.ActiveCfg = Debug|x64
		{EBFAE28E-FD5F-31C0-BB5B-AE52D7E0D63A}.Debug|x64.Build.0 = Debug|x64
		{EBFAE28E-FD5F-31C0-BB5B-AE52D7E0D63A}.Release|x64.ActiveCfg = Release|x64
		{EBFAE28E-FD5F-31C0-BB5B-AE52D7E0D63A}.Release|x64.Build.0 = Release|x64
		{EBFAE28E-FD5F-31C0-BB5B-AE52D7E0D63A}.MinSizeRel|x64.ActiveCfg = MinSizeRel|x64
		{EBFAE28E-FD5F-31C0-BB5B-AE52D7E0D63A}.MinSizeRel|x64.Build.0 = MinSizeRel|x64
		{EBFAE28E-FD5F-31C0-BB5B-AE52D7E0D63A}.RelWithDebInfo|x64.ActiveCfg = RelWithDebInfo|x64
		{EBFAE28E-FD5F-31C0-BB5B-AE52D7E0D63A}.RelWithDebInfo|x64.Build.0 = RelWithDebInfo|x64
		{28C0FCCD-57BF-31DA-8B30-46CBDF6D7BFB}.Debug|x64.ActiveCfg = Debug|x64
		{28C0FCCD-57BF-31DA-8B30-46CBDF6D7BFB}.Debug|x64.Build.0 = Debug|x64
		{28C0FCCD-57BF-31DA-8B30-46CBDF6D7BFB}.Release|x64.ActiveCfg = Release|x64
		{28C0FCCD-57BF-31DA-8B30-46CBDF6D7BFB}.Release|x64.Build.0 = Release|x64
		{28C0FCCD-57BF-31DA-8B30-46CBDF6D7BFB}.MinSizeRel|x64.ActiveCfg = MinSizeRel|x64
		{28C0FCCD-57BF-31DA-8B30-46CBDF6D7BFB}.MinSizeRel|x64.Build.0 = MinSizeRel|x64
		{28C0FCCD-57BF-31DA-8B30-46CBDF6D7BFB}.RelWithDebInfo|x64.ActiveCfg = RelWithDebInfo|x64
		{28C0FCCD-57BF-31DA-8B30-46CBDF6D7BFB}.RelWithDebInfo|x64.Build.0 = RelWithDebInfo|x64
		{69904839-97CF-34B0-816B-2BA2AB899E8D}.Debug|x64.ActiveCfg = Debug|x64
		{69904839-97CF-34B0-816B-2BA2AB899E8D}.Debug|x64.Build.0 = Debug|x64
		{69904839-97CF-34B0-816B-2BA2AB899E8D}.Release|x64.ActiveCfg = Release|x64
		{69904839-97CF-34B0-816B-2BA2AB899E8D}.Release|x64.Build.0 = Release|x64
		{69904839-97CF-34B0-816B-2BA2AB899E8D}.MinSizeRel|x64.ActiveCfg = MinSizeRel|x64
		{69904839-97CF-34B0-816B-2BA2AB899E8D}.MinSizeRel|x64.Build.0 = MinSizeRel|x64
		{69904839-97CF-34B0-816B-2BA2AB899E8D}.RelWithDebInfo|x64.ActiveCfg = RelWithDebInfo|x64
		{69904839-97CF-34B0-816B-2BA2AB899E8D}.RelWithDebInfo|x64.Build.0 = RelWithDebInfo|x64
		{A4FE719B-2ECA-3FAB-9F8E-8ACC0F3A094A}.Debug|x64.ActiveCfg = Debug|x64
		{A4FE719B-2ECA-3FAB-9F8E-8ACC0F3A094A}.Debug|x64.Build.0 = Debug|x64
		{A4FE719B-2ECA-3FAB-9F8E-8ACC0F3A094A}.Release|x64.ActiveCfg = Release|x64
		{A4FE719B-2ECA-3FAB-9F8E-8ACC0F3A094A}.Release|x64.Build.0 = Release|x64
		{A4FE719B-2ECA-3FAB-9F8E-8ACC0F3A094A}.MinSizeRel|x64.ActiveCfg = MinSizeRel|x64
		{A4FE719B-2ECA-3FAB-9F8E-8ACC0F3A094A}.MinSizeRel|x64.Build.0 = MinSizeRel|x64
		{A4FE719B-2ECA-3FAB-9F8E-8ACC0F3A094A}.RelWithDebInfo|x64.ActiveCfg = RelWithDebInfo|x64
		{A4FE719B-2ECA-3FAB-9F8E-8ACC0F3A094A}.RelWithDebInfo|x64.Build.0 = RelWithDebInfo|x64
		{E8D4E384-5F9E-3995-87AE-36D25F9A3811}.Debug|x64.ActiveCfg = Debug|x64
		{E8D4E384-5F9E-3995-87AE-36D25F9A3811}.Debug|x64.Build.0 = Debug|x64
		{E8D4E384-5F9E-3995-87AE-36D25F9A3811}.Release|x64.ActiveCfg = Release|x64
		{E8D4E384-5F9E-3995-87AE-36D25F9A3811}.Release|x64.Build.0 = Release|x64
		{E8D4E384-5F9E-3995-87AE-36D25F9A3811}.MinSizeRel|x64.ActiveCfg = MinSizeRel|x64
		{E8D4E384-5F9E-3995-87AE-36D25F9A3811}.MinSizeRel|x64.Build.0 = MinSizeRel|x64
		{E8D4E384-5F9E-3995-87AE-36D25F9A3811}.RelWithDebInfo|x64.ActiveCfg = RelWithDebInfo|x64
		{E8D4E384-5F9E-3995-87AE-36D25F9A3811}.RelWithDebInfo|x64.Build.0 = RelWithDebInfo|x64
		{17C68360-E11C-379A-9C5C-692B1E549BA8}.Debug|x64.ActiveCfg = Debug|x64
		{17C68360-E11C-379A-9C5C-692B1E549BA8}.Debug|x64.Build.0 = Debug|x64
		{17C68360-E11C-379A-9C5C-692B1E549BA8}.Release|x64.ActiveCfg = Release|x64
		{17C68360-E11C-379A-9C5C-692B1E549BA8}.Release|x64.Build.0 = Release|x64
		{17C68360-E11C-379A-9C5C-692B1E549BA8}.MinSizeRel|x64.ActiveCfg = MinSizeRel|x64
		{17C68360-E11C-379A-9C5C-692B1E549BA8}.MinSizeRel|x64.Build.0 = MinSizeRel|x64
		{17C68360-E11C-379A-9C5C-692B1E549BA8}.RelWithDebInfo|x64.ActiveCfg = RelWithDebInfo|x64
		{17C68360-E11C-379A-9C5C-692B1E549BA8}.RelWithDebInfo|x64.Build.0 = RelWithDebInfo|x64
		{FCADA619-78FD-3239-9161-4E26C6B69CE4}.Debug|x64.ActiveCfg = Debug|x64
		{FCADA619-78FD-3239-9161-4E26C6B69CE4}.Debug|x64.Build.0 = Debug|x64
		{FCADA619-78FD-3239-9161-4E26C6B69CE4}.Release|x64.ActiveCfg = Release|x64
		{FCADA619-78FD-3239-9161-4E26C6B69CE4}.Release|x64.Build.0 = Release|x64
		{FCADA619-78FD-3239-9161-4E26C6B69CE4}.MinSizeRel|x64.ActiveCfg = MinSizeRel|x64
		{FCADA619-78FD-3239-9161-4E26C6B69CE4}.MinSizeRel|x64.Build.0 = MinSizeRel|x64
		{FCADA619-78FD-3239-9161-4E26C6B69CE4}.RelWithDebInfo|x64.ActiveCfg = RelWithDebInfo|x64
		{FCADA619-78FD-3239-9161-4E26C6B69CE4}.RelWithDebInfo|x64.Build.0 = RelWithDebInfo|x64
		{3105E711-BE67-33D2-9F2F-35E72D4FBEDF}.Debug|x64.ActiveCfg = Debug|x64
		{3105E711-BE67-33D2-9F2F-35E72D4FBEDF}.Debug|x64.Build.0 = Debug|x64
		{3105E711-BE67-33D2-9F2F-35E72D4FBEDF}.Release|x64.ActiveCfg = Release|x64
		{3105E711-BE67-33D2-9F2F-35E72D4FBEDF}.Release|x64.Build.0 = Release|x64
		{3105E711-BE67-33D2-9F2F-35E72D4FBEDF}.MinSizeRel|x64.ActiveCfg = MinSizeRel|x64
		{3105E711-BE67-33D2-9F2F-35E72D4FBEDF}.MinSizeRel|x64.Build.0 = MinSizeRel|x64
		{3105E711-BE67-33D2-9F2F-35E72D4FBEDF}.RelWithDebInfo|x64.ActiveCfg = RelWithDebInfo|x64
		{3105E711-BE67-33D2-9F2F-35E72D4FBEDF}.RelWithDebInfo|x64.Build.0 = RelWithDebInfo|x64
		{E1DCA13D-9FF2-321D-B38E-CEF3E74FB085}.Debug|x64.ActiveCfg = Debug|x64
		{E1DCA13D-9FF2-321D-B38E-CEF3E74FB085}.Debug|x64.Build.0 = Debug|x64
		{E1DCA13D-9FF2-321D-B38E-CEF3E74FB085}.Release|x64.ActiveCfg = Release|x64
		{E1DCA13D-9FF2-321D-B38E-CEF3E74FB085}.Release|x64.Build.0 = Release|x64
		{E1DCA13D-9FF2-321D-B38E-CEF3E74FB085}.MinSizeRel|x64.ActiveCfg = MinSizeRel|x64
		{E1DCA13D-9FF2-321D-B38E-CEF3E74FB085}.MinSizeRel|x64.Build.0 = MinSizeRel|x64
		{E1DCA13D-9FF2-321D-B38E-CEF3E74FB085}.RelWithDebInfo|x64.ActiveCfg = RelWithDebInfo|x64
		{E1DCA13D-9FF2-321D-B38E-CEF3E74FB085}.RelWithDebInfo|x64.Build.0 = RelWithDebInfo|x64
		{E3DE01C7-36BB-3780-9DC2-95627C686903}.Debug|x64.ActiveCfg = Debug|x64
		{E3DE01C7-36BB-3780-9DC2-95627C686903}.Debug|x64.Build.0 = Debug|x64
		{E3DE01C7-36BB-3780-9DC2-95627C686903}.Release|x64.ActiveCfg = Release|x64
		{E3DE01C7-36BB-3780-9DC2-95627C686903}.Release|x64.Build.0 = Release|x64
		{E3DE01C7-36BB-3780-9DC2-95627C686903}.MinSizeRel|x64.ActiveCfg = MinSizeRel|x64
		{E3DE01C7-36BB-3780-9DC2-95627C686903}.MinSizeRel|x64.Build.0 = MinSizeRel|x64
		{E3DE01C7-36BB-3780-9DC2-95627C686903}.RelWithDebInfo|x64.ActiveCfg = RelWithDebInfo|x64
		{E3DE01C7-36BB-3780-9DC2-95627C686903}.RelWithDebInfo|x64.Build.0 = RelWithDebInfo|x64
		{F65C358C-F010-31D9-AEF9-4312DD6B20C8}.Debug|x64.ActiveCfg = Debug|x64
		{F65C358C-F010-31D9-AEF9-4312DD6B20C8}.Debug|x64.Build.0 = Debug|x64
		{F65C358C-F010-31D9-AEF9-4312DD6B20C8}.Release|x64.ActiveCfg = Release|x64
		{F65C358C-F010-31D9-AEF9-4312DD6B20C8}.Release|x64.Build.0 = Release|x64
		{F65C358C-F010-31D9-AEF9-4312DD6B20C8}.MinSizeRel|x64.ActiveCfg = MinSizeRel|x64
		{F65C358C-F010-31D9-AEF9-4312DD6B20C8}.MinSizeRel|x64.Build.0 = MinSizeRel|x64
		{F65C358C-F010-31D9-AEF9-4312DD6B20C8}.RelWithDebInfo|x64.ActiveCfg = RelWithDebInfo|x64
		{F65C358C-F010-31D9-AEF9-4312DD6B20C8}.RelWithDebInfo|x64.Build.0 = RelWithDebInfo|x64
		{CDD49B0D-55F5-310B-9C6F-87BFF5DB025E}.Debug|x64.ActiveCfg = Debug|x64
		{CDD49B0D-55F5-310B-9C6F-87BFF5DB025E}.Debug|x64.Build.0 = Debug|x64
		{CDD49B0D-55F5-310B-9C6F-87BFF5DB025E}.Release|x64.ActiveCfg = Release|x64
		{CDD49B0D-55F5-310B-9C6F-87BFF5DB025E}.Release|x64.Build.0 = Release|x64
		{CDD49B0D-55F5-310B-9C6F-87BFF5DB025E}.MinSizeRel|x64.ActiveCfg = MinSizeRel|x64
		{CDD49B0D-55F5-310B-9C6F-87BFF5DB025E}.MinSizeRel|x64.Build.0 = MinSizeRel|x64
		{CDD49B0D-55F5-310B-9C6F-87BFF5DB025E}.RelWithDebInfo|x64.ActiveCfg = RelWithDebInfo|x64
		{CDD49B0D-55F5-310B-9C6F-87BFF5DB025E}.RelWithDebInfo|x64.Build.0 = RelWithDebInfo|x64
		{8A03E2DF-ACA9-3AFA-B126-1653E0546E91}.Debug|x64.ActiveCfg = Debug|x64
		{8A03E2DF-ACA9-3AFA-B126-1653E0546E91}.Debug|x64.Build.0 = Debug|x64
		{8A03E2DF-ACA9-3AFA-B126-1653E0546E91}.Release|x64.ActiveCfg = Release|x64
		{8A03E2DF-ACA9-3AFA-B126-1653E0546E91}.Release|x64.Build.0 = Release|x64
		{8A03E2DF-ACA9-3AFA-B126-1653E0546E91}.MinSizeRel|x64.ActiveCfg = MinSizeRel|x64
		{8A03E2DF-ACA9-3AFA-B126-1653E0546E91}.MinSizeRel|x64.Build.0 = MinSizeRel|x64
		{8A03E2DF-ACA9-3AFA-B126-1653E0546E91}.RelWithDebInfo|x64.ActiveCfg = RelWithDebInfo|x64
		{8A03E2DF-ACA9-3AFA-B126-1653E0546E91}.RelWithDebInfo|x64.Build.0 = RelWithDebInfo|x64
		{C68990CD-0B21-349E-B6BD-FD47229E8D2A}.Debug|x64.ActiveCfg = Debug|x64
		{C68990CD-0B21-349E-B6BD-FD47229E8D2A}.Debug|x64.Build.0 = Debug|x64
		{C68990CD-0B21-349E-B6BD-FD47229E8D2A}.Release|x64.ActiveCfg = Release|x64
		{C68990CD-0B21-349E-B6BD-FD47229E8D2A}.Release|x64.Build.0 = Release|x64
		{C68990CD-0B21-349E-B6BD-FD47229E8D2A}.MinSizeRel|x64.ActiveCfg = MinSizeRel|x64
		{C68990CD-0B21-349E-B6BD-FD47229E8D2A}.MinSizeRel|x64.Build.0 = MinSizeRel|x64
		{C68990CD-0B21-349E-B6BD-FD47229E8D2A}.RelWithDebInfo|x64.ActiveCfg = RelWithDebInfo|x64
		{C68990CD-0B21-349E-B6BD-FD47229E8D2A}.RelWithDebInfo|x64.Build.0 = RelWithDebInfo|x64
		{88915C4B-F539-387A-A7FB-DEF555F5534F}.Debug|x64.ActiveCfg = Debug|x64
		{88915C4B-F539-387A-A7FB-DEF555F5534F}.Debug|x64.Build.0 = Debug|x64
		{88915C4B-F539-387A-A7FB-DEF555F5534F}.Release|x64.ActiveCfg = Release|x64
		{88915C4B-F539-387A-A7FB-DEF555F5534F}.Release|x64.Build.0 = Release|x64
		{88915C4B-F539-387A-A7FB-DEF555F5534F}.MinSizeRel|x64.ActiveCfg = MinSizeRel|x64
		{88915C4B-F539-387A-A7FB-DEF555F5534F}.MinSizeRel|x64.Build.0 = MinSizeRel|x64
		{88915C4B-F539-387A-A7FB-DEF555F5534F}.RelWithDebInfo|x64.ActiveCfg = RelWithDebInfo|x64
		{88915C4B-F539-387A-A7FB-DEF555F5534F}.RelWithDebInfo|x64.Build.0 = RelWithDebInfo|x64
		{7F9053FE-8F1B-3AED-ABA4-B5065867B889}.Debug|x64.ActiveCfg = Debug|x64
		{7F9053FE-8F1B-3AED-ABA4-B5065867B889}.Debug|x64.Build.0 = Debug|x64
		{7F9053FE-8F1B-3AED-ABA4-B5065867B889}.Release|x64.ActiveCfg = Release|x64
		{7F9053FE-8F1B-3AED-ABA4-B5065867B889}.Release|x64.Build.0 = Release|x64
		{7F9053FE-8F1B-3AED-ABA4-B5065867B889}.MinSizeRel|x64.ActiveCfg = MinSizeRel|x64
		{7F9053FE-8F1B-3AED-ABA4-B5065867B889}.MinSizeRel|x64.Build.0 = MinSizeRel|x64
		{7F9053FE-8F1B-3AED-ABA4-B5065867B889}.RelWithDebInfo|x64.ActiveCfg = RelWithDebInfo|x64
		{7F9053FE-8F1B-3AED-ABA4-B5065867B889}.RelWithDebInfo|x64.Build.0 = RelWithDebInfo|x64
		{91837667-57B1-31A3-B0B0-56906368A0A2}.Debug|x64.ActiveCfg = Debug|x64
		{91837667-57B1-31A3-B0B0-56906368A0A2}.Debug|x64.Build.0 = Debug|x64
		{91837667-57B1-31A3-B0B0-56906368A0A2}.Release|x64.ActiveCfg = Release|x64
		{91837667-57B1-31A3-B0B0-56906368A0A2}.Release|x64.Build.0 = Release|x64
		{91837667-57B1-31A3-B0B0-56906368A0A2}.MinSizeRel|x64.ActiveCfg = MinSizeRel|x64
		{91837667-57B1-31A3-B0B0-56906368A0A2}.MinSizeRel|x64.Build.0 = MinSizeRel|x64
		{91837667-57B1-31A3-B0B0-56906368A0A2}.RelWithDebInfo|x64.ActiveCfg = RelWithDebInfo|x64
		{91837667-57B1-31A3-B0B0-56906368A0A2}.RelWithDebInfo|x64.Build.0 = RelWithDebInfo|x64
		{C2F9FD6C-FCCD-3F8A-A1C3-E741047F7681}.Debug|x64.ActiveCfg = Debug|x64
		{C2F9FD6C-FCCD-3F8A-A1C3-E741047F7681}.Debug|x64.Build.0 = Debug|x64
		{C2F9FD6C-FCCD-3F8A-A1C3-E741047F7681}.Release|x64.ActiveCfg = Release|x64
		{C2F9FD6C-FCCD-3F8A-A1C3-E741047F7681}.Release|x64.Build.0 = Release|x64
		{C2F9FD6C-FCCD-3F8A-A1C3-E741047F7681}.MinSizeRel|x64.ActiveCfg = MinSizeRel|x64
		{C2F9FD6C-FCCD-3F8A-A1C3-E741047F7681}.MinSizeRel|x64.Build.0 = MinSizeRel|x64
		{C2F9FD6C-FCCD-3F8A-A1C3-E741047F7681}.RelWithDebInfo|x64.ActiveCfg = RelWithDebInfo|x64
		{C2F9FD6C-FCCD-3F8A-A1C3-E741047F7681}.RelWithDebInfo|x64.Build.0 = RelWithDebInfo|x64
		{991522BC-EABB-3AE4-B7B7-59EC68426CCE}.Debug|x64.ActiveCfg = Debug|x64
		{991522BC-EABB-3AE4-B7B7-59EC68426CCE}.Debug|x64.Build.0 = Debug|x64
		{991522BC-EABB-3AE4-B7B7-59EC68426CCE}.Release|x64.ActiveCfg = Release|x64
		{991522BC-EABB-3AE4-B7B7-59EC68426CCE}.Release|x64.Build.0 = Release|x64
		{991522BC-EABB-3AE4-B7B7-59EC68426CCE}.MinSizeRel|x64.ActiveCfg = MinSizeRel|x64
		{991522BC-EABB-3AE4-B7B7-59EC68426CCE}.MinSizeRel|x64.Build.0 = MinSizeRel|x64
		{991522BC-EABB-3AE4-B7B7-59EC68426CCE}.RelWithDebInfo|x64.ActiveCfg = RelWithDebInfo|x64
		{991522BC-EABB-3AE4-B7B7-59EC68426CCE}.RelWithDebInfo|x64.Build.0 = RelWithDebInfo|x64
		{95AFB3E9-9506-3DB7-AB44-9E3B28C955E3}.Debug|x64.ActiveCfg = Debug|x64
		{95AFB3E9-9506-3DB7-AB44-9E3B28C955E3}.Release|x64.ActiveCfg = Release|x64
		{95AFB3E9-9506-3DB7-AB44-9E3B28C955E3}.MinSizeRel|x64.ActiveCfg = MinSizeRel|x64
		{95AFB3E9-9506-3DB7-AB44-9E3B28C955E3}.RelWithDebInfo|x64.ActiveCfg = RelWithDebInfo|x64
		{1D9E2F6B-488A-37E3-BDB7-5E8E9C695E90}.Debug|x64.ActiveCfg = Debug|x64
		{1D9E2F6B-488A-37E3-BDB7-5E8E9C695E90}.Debug|x64.Build.0 = Debug|x64
		{1D9E2F6B-488A-37E3-BDB7-5E8E9C695E90}.Release|x64.ActiveCfg = Release|x64
		{1D9E2F6B-488A-37E3-BDB7-5E8E9C695E90}.Release|x64.Build.0 = Release|x64
		{1D9E2F6B-488A-37E3-BDB7-5E8E9C695E90}.MinSizeRel|x64.ActiveCfg = MinSizeRel|x64
		{1D9E2F6B-488A-37E3-BDB7-5E8E9C695E90}.MinSizeRel|x64.Build.0 = MinSizeRel|x64
		{1D9E2F6B-488A-37E3-BDB7-5E8E9C695E90}.RelWithDebInfo|x64.ActiveCfg = RelWithDebInfo|x64
		{1D9E2F6B-488A-37E3-BDB7-5E8E9C695E90}.RelWithDebInfo|x64.Build.0 = RelWithDebInfo|x64
		{C894389B-9255-3F0F-8376-51D422ACFDC2}.Debug|x64.ActiveCfg = Debug|x64
		{C894389B-9255-3F0F-8376-51D422ACFDC2}.Debug|x64.Build.0 = Debug|x64
		{C894389B-9255-3F0F-8376-51D422ACFDC2}.Release|x64.ActiveCfg = Release|x64
		{C894389B-9255-3F0F-8376-51D422ACFDC2}.Release|x64.Build.0 = Release|x64
		{C894389B-9255-3F0F-8376-51D422ACFDC2}.MinSizeRel|x64.ActiveCfg = MinSizeRel|x64
		{C894389B-9255-3F0F-8376-51D422ACFDC2}.MinSizeRel|x64.Build.0 = MinSizeRel|x64
		{C894389B-9255-3F0F-8376-51D422ACFDC2}.RelWithDebInfo|x64.ActiveCfg = RelWithDebInfo|x64
		{C894389B-9255-3F0F-8376-51D422ACFDC2}.RelWithDebInfo|x64.Build.0 = RelWithDebInfo|x64
	EndGlobalSection
	GlobalSection(NestedProjects) = preSolution
		{6DA6DD33-228F-3087-9533-22090BFBE281} = {C8190A96-DA9C-3323-9196-4E3695A620B2}
		{4D293747-D671-34D4-A2CA-3BA947CB0712} = {C8190A96-DA9C-3323-9196-4E3695A620B2}
		{DCBD60A0-AA11-3C18-86FC-5EF35DD40BC4} = {C8190A96-DA9C-3323-9196-4E3695A620B2}
		{96EF6032-96D5-37E4-A3B3-EA1949F04DD0} = {B4DE2E2B-3F1D-36F1-9F97-C873033F4FF0}
		{22171C78-A27E-31A7-8121-1309F019E7B1} = {B4DE2E2B-3F1D-36F1-9F97-C873033F4FF0}
		{69904839-97CF-34B0-816B-2BA2AB899E8D} = {B4DE2E2B-3F1D-36F1-9F97-C873033F4FF0}
		{14F8F352-A517-3D9B-8AA3-7CA3A004C566} = {96EF6032-96D5-37E4-A3B3-EA1949F04DD0}
		{28C0FCCD-57BF-31DA-8B30-46CBDF6D7BFB} = {96EF6032-96D5-37E4-A3B3-EA1949F04DD0}
		{E8D4E384-5F9E-3995-87AE-36D25F9A3811} = {96EF6032-96D5-37E4-A3B3-EA1949F04DD0}
		{F65C358C-F010-31D9-AEF9-4312DD6B20C8} = {96EF6032-96D5-37E4-A3B3-EA1949F04DD0}
		{C68990CD-0B21-349E-B6BD-FD47229E8D2A} = {96EF6032-96D5-37E4-A3B3-EA1949F04DD0}
		{88915C4B-F539-387A-A7FB-DEF555F5534F} = {96EF6032-96D5-37E4-A3B3-EA1949F04DD0}
		{1D9E2F6B-488A-37E3-BDB7-5E8E9C695E90} = {96EF6032-96D5-37E4-A3B3-EA1949F04DD0}
		{A61E88BB-2F9E-337F-96A9-4F4898F3A218} = {22171C78-A27E-31A7-8121-1309F019E7B1}
		{14F51448-3318-3E07-9F88-4D7327FD80A8} = {22171C78-A27E-31A7-8121-1309F019E7B1}
		{A0A7786A-8BE5-3BF1-89BB-369AB4CFD9E4} = {22171C78-A27E-31A7-8121-1309F019E7B1}
		{4372CFD2-4523-3FA2-AA8F-880510D354AF} = {22171C78-A27E-31A7-8121-1309F019E7B1}
		{EBFAE28E-FD5F-31C0-BB5B-AE52D7E0D63A} = {22171C78-A27E-31A7-8121-1309F019E7B1}
		{A4FE719B-2ECA-3FAB-9F8E-8ACC0F3A094A} = {22171C78-A27E-31A7-8121-1309F019E7B1}
		{17C68360-E11C-379A-9C5C-692B1E549BA8} = {22171C78-A27E-31A7-8121-1309F019E7B1}
		{FCADA619-78FD-3239-9161-4E26C6B69CE4} = {22171C78-A27E-31A7-8121-1309F019E7B1}
		{3105E711-BE67-33D2-9F2F-35E72D4FBEDF} = {22171C78-A27E-31A7-8121-1309F019E7B1}
		{E1DCA13D-9FF2-321D-B38E-CEF3E74FB085} = {22171C78-A27E-31A7-8121-1309F019E7B1}
		{E3DE01C7-36BB-3780-9DC2-95627C686903} = {22171C78-A27E-31A7-8121-1309F019E7B1}
		{CDD49B0D-55F5-310B-9C6F-87BFF5DB025E} = {22171C78-A27E-31A7-8121-1309F019E7B1}
		{8A03E2DF-ACA9-3AFA-B126-1653E0546E91} = {22171C78-A27E-31A7-8121-1309F019E7B1}
		{7F9053FE-8F1B-3AED-ABA4-B5065867B889} = {22171C78-A27E-31A7-8121-1309F019E7B1}
		{91837667-57B1-31A3-B0B0-56906368A0A2} = {22171C78-A27E-31A7-8121-1309F019E7B1}
		{C2F9FD6C-FCCD-3F8A-A1C3-E741047F7681} = {22171C78-A27E-31A7-8121-1309F019E7B1}
		{991522BC-EABB-3AE4-B7B7-59EC68426CCE} = {22171C78-A27E-31A7-8121-1309F019E7B1}
		{C894389B-9255-3F0F-8376-51D422ACFDC2} = {22171C78-A27E-31A7-8121-1309F019E7B1}
	EndGlobalSection
	GlobalSection(ExtensibilityGlobals) = postSolution
	EndGlobalSection
	GlobalSection(ExtensibilityAddIns) = postSolution
	EndGlobalSection
EndGlobal
