Microsoft Visual Studio Solution File, Format Version 12.00
# Visual Studio 15
Project("{8BC9CEB8-8B4A-11D0-8D11-00A0C91BC942}") = "ALL_BUILD", "ALL_BUILD.vcxproj", "{F897EEDB-B543-3CCB-9719-32404BA72F34}"
	ProjectSection(ProjectDependencies) = postProject
		{06E496C9-466F-3B67-B151-7CFBCE0901C3} = {06E496C9-466F-3B67-B151-7CFBCE0901C3}
		{9C0013BB-33C9-36EA-A1E4-17968DC9F3D6} = {9C0013BB-33C9-36EA-A1E4-17968DC9F3D6}
	EndProjectSection
EndProject
Project("{8BC9CEB8-8B4A-11D0-8D11-00A0C91BC942}") = "INSTALL", "INSTALL.vcxproj", "{636B3171-A859-335F-B25B-3BFBF3B891F4}"
	ProjectSection(ProjectDependencies) = postProject
		{F897EEDB-B543-3CCB-9719-32404BA72F34} = {F897EEDB-B543-3CCB-9719-32404BA72F34}
		{06E496C9-466F-3B67-B151-7CFBCE0901C3} = {06E496C9-466F-3B67-B151-7CFBCE0901C3}
	EndProjectSection
EndProject
Project("{8BC9CEB8-8B4A-11D0-8D11-00A0C91BC942}") = "PACKAGE", "PACKAGE.vcxproj", "{AA37A253-9920-39AD-9CEE-45083AB470C1}"
	ProjectSection(ProjectDependencies) = postProject
		{F897EEDB-B543-3CCB-9719-32404BA72F34} = {F897EEDB-B543-3CCB-9719-32404BA72F34}
		{06E496C9-466F-3B67-B151-7CFBCE0901C3} = {06E496C9-466F-3B67-B151-7CFBCE0901C3}
	EndProjectSection
EndProject
Project("{8BC9CEB8-8B4A-11D0-8D11-00A0C91BC942}") = "ZERO_CHECK", "ZERO_CHECK.vcxproj", "{06E496C9-466F-3B67-B151-7CFBCE0901C3}"
	ProjectSection(ProjectDependencies) = postProject
	EndProjectSection
EndProject
Project("{8BC9CEB8-8B4A-11D0-8D11-00A0C91BC942}") = "dist", "dist.vcxproj", "{D5B33918-E357-3F52-817B-B1B5BFD45DED}"
	ProjectSection(ProjectDependencies) = postProject
		{06E496C9-466F-3B67-B151-7CFBCE0901C3} = {06E496C9-466F-3B67-B151-7CFBCE0901C3}
	EndProjectSection
EndProject
Project("{8BC9CEB8-8B4A-11D0-8D11-00A0C91BC942}") = "freetype", "freetype.vcxproj", "{9C0013BB-33C9-36EA-A1E4-17968DC9F3D6}"
	ProjectSection(ProjectDependencies) = postProject
		{06E496C9-466F-3B67-B151-7CFBCE0901C3} = {06E496C9-466F-3B67-B151-7CFBCE0901C3}
	EndProjectSection
EndProject
Global
	GlobalSection(SolutionConfigurationPlatforms) = preSolution
		Debug|x64 = Debug|x64
		Release|x64 = Release|x64
		MinSizeRel|x64 = MinSizeRel|x64
		RelWithDebInfo|x64 = RelWithDebInfo|x64
	EndGlobalSection
	GlobalSection(ProjectConfigurationPlatforms) = postSolution
		{F897EEDB-B543-3CCB-9719-32404BA72F34}.Debug|x64.ActiveCfg = Debug|x64
		{F897EEDB-B543-3CCB-9719-32404BA72F34}.Debug|x64.Build.0 = Debug|x64
		{F897EEDB-B543-3CCB-9719-32404BA72F34}.Release|x64.ActiveCfg = Release|x64
		{F897EEDB-B543-3CCB-9719-32404BA72F34}.Release|x64.Build.0 = Release|x64
		{F897EEDB-B543-3CCB-9719-32404BA72F34}.MinSizeRel|x64.ActiveCfg = MinSizeRel|x64
		{F897EEDB-B543-3CCB-9719-32404BA72F34}.MinSizeRel|x64.Build.0 = MinSizeRel|x64
		{F897EEDB-B543-3CCB-9719-32404BA72F34}.RelWithDebInfo|x64.ActiveCfg = RelWithDebInfo|x64
		{F897EEDB-B543-3CCB-9719-32404BA72F34}.RelWithDebInfo|x64.Build.0 = RelWithDebInfo|x64
		{636B3171-A859-335F-B25B-3BFBF3B891F4}.Debug|x64.ActiveCfg = Debug|x64
		{636B3171-A859-335F-B25B-3BFBF3B891F4}.Release|x64.ActiveCfg = Release|x64
		{636B3171-A859-335F-B25B-3BFBF3B891F4}.MinSizeRel|x64.ActiveCfg = MinSizeRel|x64
		{636B3171-A859-335F-B25B-3BFBF3B891F4}.RelWithDebInfo|x64.ActiveCfg = RelWithDebInfo|x64
		{AA37A253-9920-39AD-9CEE-45083AB470C1}.Debug|x64.ActiveCfg = Debug|x64
		{AA37A253-9920-39AD-9CEE-45083AB470C1}.Release|x64.ActiveCfg = Release|x64
		{AA37A253-9920-39AD-9CEE-45083AB470C1}.MinSizeRel|x64.ActiveCfg = MinSizeRel|x64
		{AA37A253-9920-39AD-9CEE-45083AB470C1}.RelWithDebInfo|x64.ActiveCfg = RelWithDebInfo|x64
		{06E496C9-466F-3B67-B151-7CFBCE0901C3}.Debug|x64.ActiveCfg = Debug|x64
		{06E496C9-466F-3B67-B151-7CFBCE0901C3}.Debug|x64.Build.0 = Debug|x64
		{06E496C9-466F-3B67-B151-7CFBCE0901C3}.Release|x64.ActiveCfg = Release|x64
		{06E496C9-466F-3B67-B151-7CFBCE0901C3}.Release|x64.Build.0 = Release|x64
		{06E496C9-466F-3B67-B151-7CFBCE0901C3}.MinSizeRel|x64.ActiveCfg = MinSizeRel|x64
		{06E496C9-466F-3B67-B151-7CFBCE0901C3}.MinSizeRel|x64.Build.0 = MinSizeRel|x64
		{06E496C9-466F-3B67-B151-7CFBCE0901C3}.RelWithDebInfo|x64.ActiveCfg = RelWithDebInfo|x64
		{06E496C9-466F-3B67-B151-7CFBCE0901C3}.RelWithDebInfo|x64.Build.0 = RelWithDebInfo|x64
		{D5B33918-E357-3F52-817B-B1B5BFD45DED}.Debug|x64.ActiveCfg = Debug|x64
		{D5B33918-E357-3F52-817B-B1B5BFD45DED}.Release|x64.ActiveCfg = Release|x64
		{D5B33918-E357-3F52-817B-B1B5BFD45DED}.MinSizeRel|x64.ActiveCfg = MinSizeRel|x64
		{D5B33918-E357-3F52-817B-B1B5BFD45DED}.RelWithDebInfo|x64.ActiveCfg = RelWithDebInfo|x64
		{9C0013BB-33C9-36EA-A1E4-17968DC9F3D6}.Debug|x64.ActiveCfg = Debug|x64
		{9C0013BB-33C9-36EA-A1E4-17968DC9F3D6}.Debug|x64.Build.0 = Debug|x64
		{9C0013BB-33C9-36EA-A1E4-17968DC9F3D6}.Release|x64.ActiveCfg = Release|x64
		{9C0013BB-33C9-36EA-A1E4-17968DC9F3D6}.Release|x64.Build.0 = Release|x64
		{9C0013BB-33C9-36EA-A1E4-17968DC9F3D6}.MinSizeRel|x64.ActiveCfg = MinSizeRel|x64
		{9C0013BB-33C9-36EA-A1E4-17968DC9F3D6}.MinSizeRel|x64.Build.0 = MinSizeRel|x64
		{9C0013BB-33C9-36EA-A1E4-17968DC9F3D6}.RelWithDebInfo|x64.ActiveCfg = RelWithDebInfo|x64
		{9C0013BB-33C9-36EA-A1E4-17968DC9F3D6}.RelWithDebInfo|x64.Build.0 = RelWithDebInfo|x64
	EndGlobalSection
	GlobalSection(ExtensibilityGlobals) = postSolution
	EndGlobalSection
	GlobalSection(ExtensibilityAddIns) = postSolution
	EndGlobalSection
EndGlobal
