<?xml version="1.0" encoding="UTF-8"?>
<Project ToolsVersion="15.0" xmlns="http://schemas.microsoft.com/developer/msbuild/2003">
  <ItemGroup>
    <CustomBuild Include="C:\Users\Sid\Documents\Code\Console\freetype2-bin\CMakeFiles\d307bc3c37df1621416648282e2344cf\generate.stamp.rule">
      <Filter>CMake Rules</Filter>
    </CustomBuild>
  </ItemGroup>
  <ItemGroup>
    <Filter Include="CMake Rules">
      <UniqueIdentifier>{C630C0CD-5E63-3AD6-8C2B-4B7FDC269665}</UniqueIdentifier>
    </Filter>
  </ItemGroup>
</Project>
